<?xml version="1.0" encoding="utf-8"?>
<Project ToolsVersion="4.0" xmlns="http://schemas.microsoft.com/developer/msbuild/2003">
  <ItemGroup>
    <Filter Include="include">
      <UniqueIdentifier>{df4cd8b8-4a19-41aa-8a44-ec7cdf52ba6b}</UniqueIdentifier>
    </Filter>
    <Filter Include="src">
      <UniqueIdentifier>{a89fbfd3-1b6b-4af5-898f-695969f78fa3}</UniqueIdentifier>
    </Filter>
    <Filter Include="src\autogen">
      <UniqueIdentifier>{fbae03fa-f5fa-47f5-a673-3557949d846a}</UniqueIdentifier>
    </Filter>
    <Filter Include="raytracer">
      <UniqueIdentifier>{cf260477-454b-409c-8846-dc7a67ee204a}</UniqueIdentifier>
    </Filter>
  </ItemGroup>
  <ItemGroup>
    <ClInclude Include="include\HAXWell.h">
      <Filter>include</Filter>
    </ClInclude>
    <ClInclude Include="include\GENCoder.h">
      <Filter>include</Filter>
    </ClInclude>
    <ClInclude Include="include\GENDisassembler.h">
      <Filter>include</Filter>
    </ClInclude>
    <ClInclude Include="include\GENIsa.h">
      <Filter>include</Filter>
    </ClInclude>
    <ClInclude Include="include\HAXWell_Utils.h">
      <Filter>include</Filter>
    </ClInclude>
    <ClInclude Include="Misc.h" />
    <ClInclude Include="src\GENAssembler_Parser.h">
      <Filter>src</Filter>
    </ClInclude>
    <ClInclude Include="src\autogen\GENAssembler_Bison.hpp">
      <Filter>src\autogen</Filter>
    </ClInclude>
    <ClInclude Include="include\GENAssembler.h">
      <Filter>include</Filter>
    </ClInclude>
    <ClInclude Include="raytracer\PlyLoader.h">
      <Filter>raytracer</Filter>
    </ClInclude>
    <ClInclude Include="raytracer\PPMImage.h">
      <Filter>raytracer</Filter>
    </ClInclude>
    <ClInclude Include="raytracer\rply.h">
      <Filter>raytracer</Filter>
    </ClInclude>
    <ClInclude Include="raytracer\Matrix.h">
      <Filter>raytracer</Filter>
    </ClInclude>
  </ItemGroup>
  <ItemGroup>
    <ClCompile Include="src\GENCoder.cpp">
      <Filter>src</Filter>
    </ClCompile>
    <ClCompile Include="src\GENDisassembler.cpp">
      <Filter>src</Filter>
    </ClCompile>
    <ClCompile Include="src\GENIsa.cpp">
      <Filter>src</Filter>
    </ClCompile>
    <ClCompile Include="src\HAXWell.cpp">
      <Filter>src</Filter>
    </ClCompile>
    <ClCompile Include="src\HAXWell_Utils.cpp">
      <Filter>src</Filter>
    </ClCompile>
    <ClCompile Include="main.cpp" />
    <ClCompile Include="ThreadTimings.cpp" />
    <ClCompile Include="Misc.cpp" />
    <ClCompile Include="InstructionIssue.cpp" />
    <ClCompile Include="InstructionCacheCliff.cpp" />
    <ClCompile Include="BlockReadCost.cpp" />
    <ClCompile Include="ScatteredReadCost.cpp" />
    <ClCompile Include="Nbody.cpp" />
    <ClCompile Include="BlockVsScatterReads.cpp" />
    <ClCompile Include="src\GENAssembler.cpp">
      <Filter>src</Filter>
    </ClCompile>
    <ClCompile Include="src\autogen\GENAssembler_Bison.cpp">
      <Filter>src\autogen</Filter>
    </ClCompile>
    <ClCompile Include="src\autogen\GENAssembler_Flex.cpp">
      <Filter>src\autogen</Filter>
    </ClCompile>
    <ClCompile Include="src\GENAssembler_Parser.cpp">
      <Filter>src</Filter>
    </ClCompile>
    <ClCompile Include="AssemblerTest.cpp" />
    <ClCompile Include="BCCompress.cpp" />
    <ClCompile Include="BlockMinMax.cpp" />
    <ClCompile Include="raytracer\Raytracer.cpp">
      <Filter>raytracer</Filter>
    </ClCompile>
    <ClCompile Include="raytracer\PlyLoader.cpp">
      <Filter>raytracer</Filter>
    </ClCompile>
    <ClCompile Include="raytracer\PPMImage.cpp">
      <Filter>raytracer</Filter>
    </ClCompile>
    <ClCompile Include="raytracer\rply.c">
      <Filter>raytracer</Filter>
    </ClCompile>
    <ClCompile Include="raytracer\Harness.cpp">
      <Filter>raytracer</Filter>
    </ClCompile>
    <ClCompile Include="raytracer\Matrix.cpp">
      <Filter>raytracer</Filter>
    </ClCompile>
  </ItemGroup>
  <ItemGroup>
    <CustomBuild Include="src\GENAssembler_Bison.y">
      <Filter>src</Filter>
    </CustomBuild>
    <CustomBuild Include="src\GENAssembler_Flex.l">
      <Filter>src</Filter>
    </CustomBuild>
  </ItemGroup>
  <ItemGroup>
    <None Include="raytracer\raytracer.glsl">
      <Filter>raytracer</Filter>
    </None>
    <None Include="raytracer\single_ray.inl">
      <Filter>raytracer</Filter>
    </None>
    <None Include="raytracer\single_ray_qbvh.inl">
      <Filter>raytracer</Filter>
    </None>
    <None Include="raytracer\eight_ray.inl">
      <Filter>raytracer</Filter>
    </None>
    <None Include="raytracer\single_ray_vectri_x8.inl">
      <Filter>raytracer</Filter>
    </None>
    <None Include="raytracer\single_ray_vectri_x16.inl">
      <Filter>raytracer</Filter>
    </None>
  </ItemGroup>
</Project>